
Microsoft Visual Studio Solution File, Format Version 12.00
# Visual Studio 15
VisualStudioVersion = 15.0.26430.12
MinimumVisualStudioVersion = 10.0.40219.1
Project("{FAE04EC0-301F-11D3-BF4B-00C04F79EFBC}") = "cli1.1", "cli1.1\cli1.1.csproj", "{55F1E516-73C7-4F14-920D-EE07C1D0E28B}"
EndProject
Global
	GlobalSection(SolutionConfigurationPlatforms) = preSolution
		Debug|Any CPU = Debug|Any CPU
		Release|Any CPU = Release|Any CPU
	EndGlobalSection
	GlobalSection(ProjectConfigurationPlatforms) = postSolution
		{55F1E516-73C7-4F14-920D-EE07C1D0E28B}.Debug|Any CPU.ActiveCfg = Debug|Any CPU
		{55F1E516-73C7-4F14-920D-EE07C1D0E28B}.Debug|Any CPU.Build.0 = Debug|Any CPU
		{55F1E516-73C7-4F14-920D-EE07C1D0E28B}.Release|Any CPU.ActiveCfg = Release|Any CPU
		{55F1E516-73C7-4F14-920D-EE07C1D0E28B}.Release|Any CPU.Build.0 = Release|Any CPU
	EndGlobalSection
	GlobalSection(SolutionProperties) = preSolution
		HideSolutionNode = FALSE
	EndGlobalSection
EndGlobal
